
Microsoft Visual Studio Solution File, Format Version 12.00
# Visual Studio Version 17
VisualStudioVersion = 17.13.35931.197 d17.13
MinimumVisualStudioVersion = 10.0.40219.1
Project("{FAE04EC0-301F-11D3-BF4B-00C04F79EFBC}") = "basics csharp", "basics csharp\basics csharp.csproj", "{04C3A784-9C26-49F3-81BA-0C8EF2E5AFAA}"
EndProject
Global
	GlobalSection(SolutionConfigurationPlatforms) = preSolution
		Debug|Any CPU = Debug|Any CPU
		Release|Any CPU = Release|Any CPU
	EndGlobalSection
	GlobalSection(ProjectConfigurationPlatforms) = postSolution
		{04C3A784-9C26-49F3-81BA-0C8EF2E5AFAA}.Debug|Any CPU.ActiveCfg = Debug|Any CPU
		{04C3A784-9C26-49F3-81BA-0C8EF2E5AFAA}.Debug|Any CPU.Build.0 = Debug|Any CPU
		{04C3A784-9C26-49F3-81BA-0C8EF2E5AFAA}.Release|Any CPU.ActiveCfg = Release|Any CPU
		{04C3A784-9C26-49F3-81BA-0C8EF2E5AFAA}.Release|Any CPU.Build.0 = Release|Any CPU
	EndGlobalSection
	GlobalSection(SolutionProperties) = preSolution
		HideSolutionNode = FALSE
	EndGlobalSection
	GlobalSection(ExtensibilityGlobals) = postSolution
		SolutionGuid = {370A5B72-A84E-4569-8E5B-26129CC8F261}
	EndGlobalSection
EndGlobal
