
Microsoft Visual Studio Solution File, Format Version 12.00
# Visual Studio Version 17
VisualStudioVersion = 17.13.35931.197 d17.13
MinimumVisualStudioVersion = 10.0.40219.1
Project("{FAE04EC0-301F-11D3-BF4B-00C04F79EFBC}") = "number_guessing_game", "number_guessing_game\number_guessing_game.csproj", "{5797DD86-E176-4827-B0F6-B4980BAB71A9}"
EndProject
Global
	GlobalSection(SolutionConfigurationPlatforms) = preSolution
		Debug|Any CPU = Debug|Any CPU
		Release|Any CPU = Release|Any CPU
	EndGlobalSection
	GlobalSection(ProjectConfigurationPlatforms) = postSolution
		{5797DD86-E176-4827-B0F6-B4980BAB71A9}.Debug|Any CPU.ActiveCfg = Debug|Any CPU
		{5797DD86-E176-4827-B0F6-B4980BAB71A9}.Debug|Any CPU.Build.0 = Debug|Any CPU
		{5797DD86-E176-4827-B0F6-B4980BAB71A9}.Release|Any CPU.ActiveCfg = Release|Any CPU
		{5797DD86-E176-4827-B0F6-B4980BAB71A9}.Release|Any CPU.Build.0 = Release|Any CPU
	EndGlobalSection
	GlobalSection(SolutionProperties) = preSolution
		HideSolutionNode = FALSE
	EndGlobalSection
	GlobalSection(ExtensibilityGlobals) = postSolution
		SolutionGuid = {D8E85A40-FE55-4E17-BB1F-98CD1604D89D}
	EndGlobalSection
EndGlobal
